
Microsoft Visual Studio Solution File, Format Version 12.00
# Visual Studio Version 17
VisualStudioVersion = 17.10.35027.167
MinimumVisualStudioVersion = 10.0.40219.1
Project("{FAE04EC0-301F-11D3-BF4B-00C04F79EFBC}") = "UsingIdentity", "UsingIdentity\UsingIdentity.csproj", "{58CC7E85-8549-4997-904A-099314BDF0AA}"
EndProject
Global
	GlobalSection(SolutionConfigurationPlatforms) = preSolution
		Debug|Any CPU = Debug|Any CPU
		Release|Any CPU = Release|Any CPU
	EndGlobalSection
	GlobalSection(ProjectConfigurationPlatforms) = postSolution
		{58CC7E85-8549-4997-904A-099314BDF0AA}.Debug|Any CPU.ActiveCfg = Debug|Any CPU
		{58CC7E85-8549-4997-904A-099314BDF0AA}.Debug|Any CPU.Build.0 = Debug|Any CPU
		{58CC7E85-8549-4997-904A-099314BDF0AA}.Release|Any CPU.ActiveCfg = Release|Any CPU
		{58CC7E85-8549-4997-904A-099314BDF0AA}.Release|Any CPU.Build.0 = Release|Any CPU
	EndGlobalSection
	GlobalSection(SolutionProperties) = preSolution
		HideSolutionNode = FALSE
	EndGlobalSection
	GlobalSection(ExtensibilityGlobals) = postSolution
		SolutionGuid = {3D6D6FB3-4135-42CE-9024-55A335D880A2}
	EndGlobalSection
EndGlobal
